
Microsoft Visual Studio Solution File, Format Version 12.00
Project("{FAE04EC0-301F-11D3-BF4B-00C04F79EFBC}") = "Aaron.Pina.Blog.Article.04.Api", "Aaron.Pina.Blog.Article.04.Api\Aaron.Pina.Blog.Article.04.Api.csproj", "{BA3F1C14-3E09-4BD4-A044-BB40943069C0}"
EndProject
Global
	GlobalSection(SolutionConfigurationPlatforms) = preSolution
		Debug|Any CPU = Debug|Any CPU
		Release|Any CPU = Release|Any CPU
	EndGlobalSection
	GlobalSection(ProjectConfigurationPlatforms) = postSolution
		{BA3F1C14-3E09-4BD4-A044-BB40943069C0}.Debug|Any CPU.ActiveCfg = Debug|Any CPU
		{BA3F1C14-3E09-4BD4-A044-BB40943069C0}.Debug|Any CPU.Build.0 = Debug|Any CPU
		{BA3F1C14-3E09-4BD4-A044-BB40943069C0}.Release|Any CPU.ActiveCfg = Release|Any CPU
		{BA3F1C14-3E09-4BD4-A044-BB40943069C0}.Release|Any CPU.Build.0 = Release|Any CPU
	EndGlobalSection
EndGlobal
